
Microsoft Visual Studio Solution File, Format Version 12.00
# Visual Studio 14
VisualStudioVersion = 14.0.25123.0
MinimumVisualStudioVersion = 10.0.40219.1
Project("{FAE04EC0-301F-11D3-BF4B-00C04F79EFBC}") = "PlatHak.Server", "PlatHak.Server\PlatHak.Server.csproj", "{8A6682D6-A9BC-4B2F-B4A2-37254C0E9FCC}"
EndProject
Project("{2150E333-8FDC-42A3-9474-1A3956D46DE8}") = "Server", "Server", "{BDF9B797-444C-4817-9B54-901E04A1CE9E}"
EndProject
Project("{2150E333-8FDC-42A3-9474-1A3956D46DE8}") = "Client", "Client", "{F9AF2377-8AE4-415B-8934-A1FE1F5ADD74}"
EndProject
Project("{2150E333-8FDC-42A3-9474-1A3956D46DE8}") = "Common", "Common", "{1CB6BC6B-C70E-4A5F-B26D-E5ACF1FCC9CF}"
EndProject
Project("{FAE04EC0-301F-11D3-BF4B-00C04F79EFBC}") = "PlatHak.Common.Network", "PlatHak.Common.Network\PlatHak.Common.Network.csproj", "{D66BD451-2EA5-49E3-9F69-1D02A88DCF85}"
EndProject
Project("{FAE04EC0-301F-11D3-BF4B-00C04F79EFBC}") = "PlatHak.Server.Network", "PlatHak.Server.Network\PlatHak.Server.Network.csproj", "{A56EE6F0-8840-419C-8190-0FEE322CB9E2}"
EndProject
Project("{FAE04EC0-301F-11D3-BF4B-00C04F79EFBC}") = "PlatHak.Client.Common", "PlatHak.Client.Common\PlatHak.Client.Common.csproj", "{09D11D0C-E00F-4365-B0EB-92C151DD1C48}"
EndProject
Project("{FAE04EC0-301F-11D3-BF4B-00C04F79EFBC}") = "PlatHak.Client", "PlatHak.Client\PlatHak.Client.csproj", "{17144B22-BAB7-4151-A4EE-661CD496AF30}"
EndProject
Project("{FAE04EC0-301F-11D3-BF4B-00C04F79EFBC}") = "PlatHak.Game", "PlatHak.Game\PlatHak.Game.csproj", "{8C54DB0C-C7BE-40DB-A685-21160B540546}"
EndProject
Project("{FAE04EC0-301F-11D3-BF4B-00C04F79EFBC}") = "PlatHak.Common", "PlatHak.Common\PlatHak.Common.csproj", "{91F15F8B-A8EA-455C-8889-6BA78852F8E7}"
EndProject
Project("{FAE04EC0-301F-11D3-BF4B-00C04F79EFBC}") = "PlatHak.Common.Objects", "PlatHak.Common.Objects\PlatHak.Common.Objects.csproj", "{0FB98057-FFC1-4DE0-89BE-C5505C141955}"
EndProject
Project("{FAE04EC0-301F-11D3-BF4B-00C04F79EFBC}") = "PlatHak.Server.Common", "PlatHak.Server.Common\PlatHak.Server.Common.csproj", "{ADCE51A2-331F-4E5F-94D2-BA92CD3BABFF}"
EndProject
Project("{FAE04EC0-301F-11D3-BF4B-00C04F79EFBC}") = "PlayHak.Client.Network", "PlayHak.Client.Network\PlayHak.Client.Network.csproj", "{36AE90A6-AC21-4EF1-B920-6FC343E85F2F}"
EndProject
Project("{FAE04EC0-301F-11D3-BF4B-00C04F79EFBC}") = "PlatHak.Client.Parts", "PlatHak.Client.Parts\PlatHak.Client.Parts.csproj", "{0F3C70EE-788D-4FF7-8C3F-4FFE5B037968}"
EndProject
Project("{2150E333-8FDC-42A3-9474-1A3956D46DE8}") = "Game", "Game", "{A2C3FCB6-C9FA-4C57-9BB5-491319723545}"
EndProject
Global
	GlobalSection(SolutionConfigurationPlatforms) = preSolution
		Debug|Any CPU = Debug|Any CPU
		Debug|x64 = Debug|x64
		Release|Any CPU = Release|Any CPU
		Release|x64 = Release|x64
	EndGlobalSection
	GlobalSection(ProjectConfigurationPlatforms) = postSolution
		{8A6682D6-A9BC-4B2F-B4A2-37254C0E9FCC}.Debug|Any CPU.ActiveCfg = Debug|Any CPU
		{8A6682D6-A9BC-4B2F-B4A2-37254C0E9FCC}.Debug|Any CPU.Build.0 = Debug|Any CPU
		{8A6682D6-A9BC-4B2F-B4A2-37254C0E9FCC}.Debug|x64.ActiveCfg = Release|x64
		{8A6682D6-A9BC-4B2F-B4A2-37254C0E9FCC}.Debug|x64.Build.0 = Release|x64
		{8A6682D6-A9BC-4B2F-B4A2-37254C0E9FCC}.Release|Any CPU.ActiveCfg = Release|Any CPU
		{8A6682D6-A9BC-4B2F-B4A2-37254C0E9FCC}.Release|Any CPU.Build.0 = Release|Any CPU
		{8A6682D6-A9BC-4B2F-B4A2-37254C0E9FCC}.Release|x64.ActiveCfg = Release|x64
		{8A6682D6-A9BC-4B2F-B4A2-37254C0E9FCC}.Release|x64.Build.0 = Release|x64
		{D66BD451-2EA5-49E3-9F69-1D02A88DCF85}.Debug|Any CPU.ActiveCfg = Debug|Any CPU
		{D66BD451-2EA5-49E3-9F69-1D02A88DCF85}.Debug|Any CPU.Build.0 = Debug|Any CPU
		{D66BD451-2EA5-49E3-9F69-1D02A88DCF85}.Debug|x64.ActiveCfg = Debug|Any CPU
		{D66BD451-2EA5-49E3-9F69-1D02A88DCF85}.Debug|x64.Build.0 = Debug|Any CPU
		{D66BD451-2EA5-49E3-9F69-1D02A88DCF85}.Release|Any CPU.ActiveCfg = Release|Any CPU
		{D66BD451-2EA5-49E3-9F69-1D02A88DCF85}.Release|Any CPU.Build.0 = Release|Any CPU
		{D66BD451-2EA5-49E3-9F69-1D02A88DCF85}.Release|x64.ActiveCfg = Release|Any CPU
		{D66BD451-2EA5-49E3-9F69-1D02A88DCF85}.Release|x64.Build.0 = Release|Any CPU
		{A56EE6F0-8840-419C-8190-0FEE322CB9E2}.Debug|Any CPU.ActiveCfg = Debug|Any CPU
		{A56EE6F0-8840-419C-8190-0FEE322CB9E2}.Debug|Any CPU.Build.0 = Debug|Any CPU
		{A56EE6F0-8840-419C-8190-0FEE322CB9E2}.Debug|x64.ActiveCfg = Debug|Any CPU
		{A56EE6F0-8840-419C-8190-0FEE322CB9E2}.Debug|x64.Build.0 = Debug|Any CPU
		{A56EE6F0-8840-419C-8190-0FEE322CB9E2}.Release|Any CPU.ActiveCfg = Release|Any CPU
		{A56EE6F0-8840-419C-8190-0FEE322CB9E2}.Release|Any CPU.Build.0 = Release|Any CPU
		{A56EE6F0-8840-419C-8190-0FEE322CB9E2}.Release|x64.ActiveCfg = Release|Any CPU
		{A56EE6F0-8840-419C-8190-0FEE322CB9E2}.Release|x64.Build.0 = Release|Any CPU
		{09D11D0C-E00F-4365-B0EB-92C151DD1C48}.Debug|Any CPU.ActiveCfg = Debug|Any CPU
		{09D11D0C-E00F-4365-B0EB-92C151DD1C48}.Debug|Any CPU.Build.0 = Debug|Any CPU
		{09D11D0C-E00F-4365-B0EB-92C151DD1C48}.Debug|x64.ActiveCfg = Debug|Any CPU
		{09D11D0C-E00F-4365-B0EB-92C151DD1C48}.Debug|x64.Build.0 = Debug|Any CPU
		{09D11D0C-E00F-4365-B0EB-92C151DD1C48}.Release|Any CPU.ActiveCfg = Release|Any CPU
		{09D11D0C-E00F-4365-B0EB-92C151DD1C48}.Release|Any CPU.Build.0 = Release|Any CPU
		{09D11D0C-E00F-4365-B0EB-92C151DD1C48}.Release|x64.ActiveCfg = Release|Any CPU
		{09D11D0C-E00F-4365-B0EB-92C151DD1C48}.Release|x64.Build.0 = Release|Any CPU
		{17144B22-BAB7-4151-A4EE-661CD496AF30}.Debug|Any CPU.ActiveCfg = Debug|Any CPU
		{17144B22-BAB7-4151-A4EE-661CD496AF30}.Debug|Any CPU.Build.0 = Debug|Any CPU
		{17144B22-BAB7-4151-A4EE-661CD496AF30}.Debug|x64.ActiveCfg = Debug|Any CPU
		{17144B22-BAB7-4151-A4EE-661CD496AF30}.Debug|x64.Build.0 = Debug|Any CPU
		{17144B22-BAB7-4151-A4EE-661CD496AF30}.Release|Any CPU.ActiveCfg = Release|Any CPU
		{17144B22-BAB7-4151-A4EE-661CD496AF30}.Release|Any CPU.Build.0 = Release|Any CPU
		{17144B22-BAB7-4151-A4EE-661CD496AF30}.Release|x64.ActiveCfg = Release|Any CPU
		{17144B22-BAB7-4151-A4EE-661CD496AF30}.Release|x64.Build.0 = Release|Any CPU
		{8C54DB0C-C7BE-40DB-A685-21160B540546}.Debug|Any CPU.ActiveCfg = Debug|Any CPU
		{8C54DB0C-C7BE-40DB-A685-21160B540546}.Debug|Any CPU.Build.0 = Debug|Any CPU
		{8C54DB0C-C7BE-40DB-A685-21160B540546}.Debug|x64.ActiveCfg = Debug|Any CPU
		{8C54DB0C-C7BE-40DB-A685-21160B540546}.Debug|x64.Build.0 = Debug|Any CPU
		{8C54DB0C-C7BE-40DB-A685-21160B540546}.Release|Any CPU.ActiveCfg = Release|Any CPU
		{8C54DB0C-C7BE-40DB-A685-21160B540546}.Release|Any CPU.Build.0 = Release|Any CPU
		{8C54DB0C-C7BE-40DB-A685-21160B540546}.Release|x64.ActiveCfg = Release|Any CPU
		{8C54DB0C-C7BE-40DB-A685-21160B540546}.Release|x64.Build.0 = Release|Any CPU
		{91F15F8B-A8EA-455C-8889-6BA78852F8E7}.Debug|Any CPU.ActiveCfg = Debug|Any CPU
		{91F15F8B-A8EA-455C-8889-6BA78852F8E7}.Debug|Any CPU.Build.0 = Debug|Any CPU
		{91F15F8B-A8EA-455C-8889-6BA78852F8E7}.Debug|x64.ActiveCfg = Debug|Any CPU
		{91F15F8B-A8EA-455C-8889-6BA78852F8E7}.Debug|x64.Build.0 = Debug|Any CPU
		{91F15F8B-A8EA-455C-8889-6BA78852F8E7}.Release|Any CPU.ActiveCfg = Release|Any CPU
		{91F15F8B-A8EA-455C-8889-6BA78852F8E7}.Release|Any CPU.Build.0 = Release|Any CPU
		{91F15F8B-A8EA-455C-8889-6BA78852F8E7}.Release|x64.ActiveCfg = Release|Any CPU
		{91F15F8B-A8EA-455C-8889-6BA78852F8E7}.Release|x64.Build.0 = Release|Any CPU
		{0FB98057-FFC1-4DE0-89BE-C5505C141955}.Debug|Any CPU.ActiveCfg = Debug|Any CPU
		{0FB98057-FFC1-4DE0-89BE-C5505C141955}.Debug|Any CPU.Build.0 = Debug|Any CPU
		{0FB98057-FFC1-4DE0-89BE-C5505C141955}.Debug|x64.ActiveCfg = Debug|Any CPU
		{0FB98057-FFC1-4DE0-89BE-C5505C141955}.Debug|x64.Build.0 = Debug|Any CPU
		{0FB98057-FFC1-4DE0-89BE-C5505C141955}.Release|Any CPU.ActiveCfg = Release|Any CPU
		{0FB98057-FFC1-4DE0-89BE-C5505C141955}.Release|Any CPU.Build.0 = Release|Any CPU
		{0FB98057-FFC1-4DE0-89BE-C5505C141955}.Release|x64.ActiveCfg = Release|Any CPU
		{0FB98057-FFC1-4DE0-89BE-C5505C141955}.Release|x64.Build.0 = Release|Any CPU
		{ADCE51A2-331F-4E5F-94D2-BA92CD3BABFF}.Debug|Any CPU.ActiveCfg = Debug|Any CPU
		{ADCE51A2-331F-4E5F-94D2-BA92CD3BABFF}.Debug|Any CPU.Build.0 = Debug|Any CPU
		{ADCE51A2-331F-4E5F-94D2-BA92CD3BABFF}.Debug|x64.ActiveCfg = Debug|Any CPU
		{ADCE51A2-331F-4E5F-94D2-BA92CD3BABFF}.Debug|x64.Build.0 = Debug|Any CPU
		{ADCE51A2-331F-4E5F-94D2-BA92CD3BABFF}.Release|Any CPU.ActiveCfg = Release|Any CPU
		{ADCE51A2-331F-4E5F-94D2-BA92CD3BABFF}.Release|Any CPU.Build.0 = Release|Any CPU
		{ADCE51A2-331F-4E5F-94D2-BA92CD3BABFF}.Release|x64.ActiveCfg = Release|Any CPU
		{ADCE51A2-331F-4E5F-94D2-BA92CD3BABFF}.Release|x64.Build.0 = Release|Any CPU
		{36AE90A6-AC21-4EF1-B920-6FC343E85F2F}.Debug|Any CPU.ActiveCfg = Debug|Any CPU
		{36AE90A6-AC21-4EF1-B920-6FC343E85F2F}.Debug|Any CPU.Build.0 = Debug|Any CPU
		{36AE90A6-AC21-4EF1-B920-6FC343E85F2F}.Debug|x64.ActiveCfg = Debug|Any CPU
		{36AE90A6-AC21-4EF1-B920-6FC343E85F2F}.Debug|x64.Build.0 = Debug|Any CPU
		{36AE90A6-AC21-4EF1-B920-6FC343E85F2F}.Release|Any CPU.ActiveCfg = Release|Any CPU
		{36AE90A6-AC21-4EF1-B920-6FC343E85F2F}.Release|Any CPU.Build.0 = Release|Any CPU
		{36AE90A6-AC21-4EF1-B920-6FC343E85F2F}.Release|x64.ActiveCfg = Release|Any CPU
		{36AE90A6-AC21-4EF1-B920-6FC343E85F2F}.Release|x64.Build.0 = Release|Any CPU
		{0F3C70EE-788D-4FF7-8C3F-4FFE5B037968}.Debug|Any CPU.ActiveCfg = Debug|Any CPU
		{0F3C70EE-788D-4FF7-8C3F-4FFE5B037968}.Debug|Any CPU.Build.0 = Debug|Any CPU
		{0F3C70EE-788D-4FF7-8C3F-4FFE5B037968}.Debug|x64.ActiveCfg = Debug|Any CPU
		{0F3C70EE-788D-4FF7-8C3F-4FFE5B037968}.Debug|x64.Build.0 = Debug|Any CPU
		{0F3C70EE-788D-4FF7-8C3F-4FFE5B037968}.Release|Any CPU.ActiveCfg = Release|Any CPU
		{0F3C70EE-788D-4FF7-8C3F-4FFE5B037968}.Release|Any CPU.Build.0 = Release|Any CPU
		{0F3C70EE-788D-4FF7-8C3F-4FFE5B037968}.Release|x64.ActiveCfg = Release|Any CPU
		{0F3C70EE-788D-4FF7-8C3F-4FFE5B037968}.Release|x64.Build.0 = Release|Any CPU
	EndGlobalSection
	GlobalSection(SolutionProperties) = preSolution
		HideSolutionNode = FALSE
	EndGlobalSection
	GlobalSection(NestedProjects) = preSolution
		{8A6682D6-A9BC-4B2F-B4A2-37254C0E9FCC} = {BDF9B797-444C-4817-9B54-901E04A1CE9E}
		{D66BD451-2EA5-49E3-9F69-1D02A88DCF85} = {1CB6BC6B-C70E-4A5F-B26D-E5ACF1FCC9CF}
		{A56EE6F0-8840-419C-8190-0FEE322CB9E2} = {BDF9B797-444C-4817-9B54-901E04A1CE9E}
		{09D11D0C-E00F-4365-B0EB-92C151DD1C48} = {F9AF2377-8AE4-415B-8934-A1FE1F5ADD74}
		{17144B22-BAB7-4151-A4EE-661CD496AF30} = {A2C3FCB6-C9FA-4C57-9BB5-491319723545}
		{8C54DB0C-C7BE-40DB-A685-21160B540546} = {A2C3FCB6-C9FA-4C57-9BB5-491319723545}
		{91F15F8B-A8EA-455C-8889-6BA78852F8E7} = {1CB6BC6B-C70E-4A5F-B26D-E5ACF1FCC9CF}
		{0FB98057-FFC1-4DE0-89BE-C5505C141955} = {1CB6BC6B-C70E-4A5F-B26D-E5ACF1FCC9CF}
		{ADCE51A2-331F-4E5F-94D2-BA92CD3BABFF} = {BDF9B797-444C-4817-9B54-901E04A1CE9E}
		{36AE90A6-AC21-4EF1-B920-6FC343E85F2F} = {F9AF2377-8AE4-415B-8934-A1FE1F5ADD74}
		{0F3C70EE-788D-4FF7-8C3F-4FFE5B037968} = {F9AF2377-8AE4-415B-8934-A1FE1F5ADD74}
		{A2C3FCB6-C9FA-4C57-9BB5-491319723545} = {F9AF2377-8AE4-415B-8934-A1FE1F5ADD74}
	EndGlobalSection
EndGlobal
