
Microsoft Visual Studio Solution File, Format Version 12.00
# Visual Studio 15
VisualStudioVersion = 15.0.26730.12
MinimumVisualStudioVersion = 10.0.40219.1
Project("{FAE04EC0-301F-11D3-BF4B-00C04F79EFBC}") = "PlatHak.Server", "PlatHak.Server\PlatHak.Server.csproj", "{8A6682D6-A9BC-4B2F-B4A2-37254C0E9FCC}"
EndProject
Project("{2150E333-8FDC-42A3-9474-1A3956D46DE8}") = "Server", "Server", "{BDF9B797-444C-4817-9B54-901E04A1CE9E}"
EndProject
Project("{2150E333-8FDC-42A3-9474-1A3956D46DE8}") = "Client", "Client", "{F9AF2377-8AE4-415B-8934-A1FE1F5ADD74}"
EndProject
Project("{2150E333-8FDC-42A3-9474-1A3956D46DE8}") = "Common", "Common", "{1CB6BC6B-C70E-4A5F-B26D-E5ACF1FCC9CF}"
EndProject
Project("{FAE04EC0-301F-11D3-BF4B-00C04F79EFBC}") = "PlatHak.Server.Network", "PlatHak.Server.Network\PlatHak.Server.Network.csproj", "{A56EE6F0-8840-419C-8190-0FEE322CB9E2}"
EndProject
Project("{FAE04EC0-301F-11D3-BF4B-00C04F79EFBC}") = "PlatHak.Server.Common", "PlatHak.Server.Common\PlatHak.Server.Common.csproj", "{ADCE51A2-331F-4E5F-94D2-BA92CD3BABFF}"
EndProject
Project("{2150E333-8FDC-42A3-9474-1A3956D46DE8}") = "MonoGame", "MonoGame", "{18CCC635-737F-4238-8A68-E8BBDE29D837}"
EndProject
Project("{FAE04EC0-301F-11D3-BF4B-00C04F79EFBC}") = "PlatHak.Client.iOS", "PlatHak.Client.iOS\PlatHak.Client.iOS.csproj", "{97383D52-B45A-41C9-BCF6-95F11ED88F38}"
EndProject
Project("{FAE04EC0-301F-11D3-BF4B-00C04F79EFBC}") = "PlatHak.Client.Desktop", "PlatHak.Client.Desktop\PlatHak.Client.Desktop.csproj", "{38ED7AA0-F00A-41B8-9E72-8A45E72BBCCC}"
EndProject
Project("{FAE04EC0-301F-11D3-BF4B-00C04F79EFBC}") = "PlatHak.Server.WorldData", "PlatHak.Server.WorldData\PlatHak.Server.WorldData.csproj", "{0658AE17-C9B5-4B24-88CC-ABE3C4FECAA5}"
EndProject
Project("{FAE04EC0-301F-11D3-BF4B-00C04F79EFBC}") = "PlatHak.Client.Game", "PlatHak.Client.Game\PlatHak.Client.Game.csproj", "{976D7191-EE8D-43CC-BB0E-A7E51EC3D4E3}"
EndProject
Project("{FAE04EC0-301F-11D3-BF4B-00C04F79EFBC}") = "PlatHak.Client.Android", "PlatHak.Client.Android\PlatHak.Client.Android.csproj", "{F0EA54AB-C750-4C7E-926F-388DF128337B}"
EndProject
Project("{FAE04EC0-301F-11D3-BF4B-00C04F79EFBC}") = "PlatHak.Client.Common", "PlatHak.Client.Common\PlatHak.Client.Common.csproj", "{B6F1D2EE-33C2-48E2-AAEE-CB108E12C992}"
EndProject
Project("{FAE04EC0-301F-11D3-BF4B-00C04F79EFBC}") = "PlatHak.Client.Network", "PlatHak.Client.Network\PlatHak.Client.Network.csproj", "{81AD3F51-0FAF-4FEF-BE81-987544BF826F}"
EndProject
Project("{FAE04EC0-301F-11D3-BF4B-00C04F79EFBC}") = "PlatHak.Common", "PlatHak.Common\PlatHak.Common.csproj", "{D76C6619-AA3B-4A5D-A4EC-158D47A4470A}"
EndProject
Project("{FAE04EC0-301F-11D3-BF4B-00C04F79EFBC}") = "PlatHak.Common.Network", "PlatHak.Common.Network\PlatHak.Common.Network.csproj", "{E3F89901-0EE4-4F58-BDF7-B7F8D1E31AEB}"
EndProject
Project("{FAE04EC0-301F-11D3-BF4B-00C04F79EFBC}") = "PlatHak.Common.Objects", "PlatHak.Common.Objects\PlatHak.Common.Objects.csproj", "{E527AEF7-2CA8-4A9A-94CF-FC20D80C9D2A}"
EndProject
Project("{FAE04EC0-301F-11D3-BF4B-00C04F79EFBC}") = "PlatHak.Common.Network.Sockets", "PlatHak.Common.Network.Sockets\PlatHak.Common.Network.Sockets.csproj", "{49EF63DE-16C1-4A67-B94F-DF0982ABB74E}"
EndProject
Global
	GlobalSection(SolutionConfigurationPlatforms) = preSolution
		Ad-Hoc|Any CPU = Ad-Hoc|Any CPU
		Ad-Hoc|iPhone = Ad-Hoc|iPhone
		Ad-Hoc|iPhoneSimulator = Ad-Hoc|iPhoneSimulator
		Ad-Hoc|x64 = Ad-Hoc|x64
		AppStore|Any CPU = AppStore|Any CPU
		AppStore|iPhone = AppStore|iPhone
		AppStore|iPhoneSimulator = AppStore|iPhoneSimulator
		AppStore|x64 = AppStore|x64
		Debug|Any CPU = Debug|Any CPU
		Debug|iPhone = Debug|iPhone
		Debug|iPhoneSimulator = Debug|iPhoneSimulator
		Debug|x64 = Debug|x64
		Release|Any CPU = Release|Any CPU
		Release|iPhone = Release|iPhone
		Release|iPhoneSimulator = Release|iPhoneSimulator
		Release|x64 = Release|x64
	EndGlobalSection
	GlobalSection(ProjectConfigurationPlatforms) = postSolution
		{8A6682D6-A9BC-4B2F-B4A2-37254C0E9FCC}.Ad-Hoc|Any CPU.ActiveCfg = Release|Any CPU
		{8A6682D6-A9BC-4B2F-B4A2-37254C0E9FCC}.Ad-Hoc|Any CPU.Build.0 = Release|Any CPU
		{8A6682D6-A9BC-4B2F-B4A2-37254C0E9FCC}.Ad-Hoc|iPhone.ActiveCfg = Release|Any CPU
		{8A6682D6-A9BC-4B2F-B4A2-37254C0E9FCC}.Ad-Hoc|iPhone.Build.0 = Release|Any CPU
		{8A6682D6-A9BC-4B2F-B4A2-37254C0E9FCC}.Ad-Hoc|iPhoneSimulator.ActiveCfg = Release|Any CPU
		{8A6682D6-A9BC-4B2F-B4A2-37254C0E9FCC}.Ad-Hoc|iPhoneSimulator.Build.0 = Release|Any CPU
		{8A6682D6-A9BC-4B2F-B4A2-37254C0E9FCC}.Ad-Hoc|x64.ActiveCfg = Debug|x64
		{8A6682D6-A9BC-4B2F-B4A2-37254C0E9FCC}.Ad-Hoc|x64.Build.0 = Debug|x64
		{8A6682D6-A9BC-4B2F-B4A2-37254C0E9FCC}.AppStore|Any CPU.ActiveCfg = Release|Any CPU
		{8A6682D6-A9BC-4B2F-B4A2-37254C0E9FCC}.AppStore|Any CPU.Build.0 = Release|Any CPU
		{8A6682D6-A9BC-4B2F-B4A2-37254C0E9FCC}.AppStore|iPhone.ActiveCfg = Release|Any CPU
		{8A6682D6-A9BC-4B2F-B4A2-37254C0E9FCC}.AppStore|iPhone.Build.0 = Release|Any CPU
		{8A6682D6-A9BC-4B2F-B4A2-37254C0E9FCC}.AppStore|iPhoneSimulator.ActiveCfg = Release|Any CPU
		{8A6682D6-A9BC-4B2F-B4A2-37254C0E9FCC}.AppStore|iPhoneSimulator.Build.0 = Release|Any CPU
		{8A6682D6-A9BC-4B2F-B4A2-37254C0E9FCC}.AppStore|x64.ActiveCfg = Debug|x64
		{8A6682D6-A9BC-4B2F-B4A2-37254C0E9FCC}.AppStore|x64.Build.0 = Debug|x64
		{8A6682D6-A9BC-4B2F-B4A2-37254C0E9FCC}.Debug|Any CPU.ActiveCfg = Debug|Any CPU
		{8A6682D6-A9BC-4B2F-B4A2-37254C0E9FCC}.Debug|Any CPU.Build.0 = Debug|Any CPU
		{8A6682D6-A9BC-4B2F-B4A2-37254C0E9FCC}.Debug|iPhone.ActiveCfg = Debug|Any CPU
		{8A6682D6-A9BC-4B2F-B4A2-37254C0E9FCC}.Debug|iPhone.Build.0 = Debug|Any CPU
		{8A6682D6-A9BC-4B2F-B4A2-37254C0E9FCC}.Debug|iPhoneSimulator.ActiveCfg = Debug|Any CPU
		{8A6682D6-A9BC-4B2F-B4A2-37254C0E9FCC}.Debug|iPhoneSimulator.Build.0 = Debug|Any CPU
		{8A6682D6-A9BC-4B2F-B4A2-37254C0E9FCC}.Debug|x64.ActiveCfg = Release|x64
		{8A6682D6-A9BC-4B2F-B4A2-37254C0E9FCC}.Debug|x64.Build.0 = Release|x64
		{8A6682D6-A9BC-4B2F-B4A2-37254C0E9FCC}.Release|Any CPU.ActiveCfg = Release|Any CPU
		{8A6682D6-A9BC-4B2F-B4A2-37254C0E9FCC}.Release|Any CPU.Build.0 = Release|Any CPU
		{8A6682D6-A9BC-4B2F-B4A2-37254C0E9FCC}.Release|iPhone.ActiveCfg = Release|Any CPU
		{8A6682D6-A9BC-4B2F-B4A2-37254C0E9FCC}.Release|iPhone.Build.0 = Release|Any CPU
		{8A6682D6-A9BC-4B2F-B4A2-37254C0E9FCC}.Release|iPhoneSimulator.ActiveCfg = Release|Any CPU
		{8A6682D6-A9BC-4B2F-B4A2-37254C0E9FCC}.Release|iPhoneSimulator.Build.0 = Release|Any CPU
		{8A6682D6-A9BC-4B2F-B4A2-37254C0E9FCC}.Release|x64.ActiveCfg = Release|x64
		{8A6682D6-A9BC-4B2F-B4A2-37254C0E9FCC}.Release|x64.Build.0 = Release|x64
		{A56EE6F0-8840-419C-8190-0FEE322CB9E2}.Ad-Hoc|Any CPU.ActiveCfg = Release|Any CPU
		{A56EE6F0-8840-419C-8190-0FEE322CB9E2}.Ad-Hoc|Any CPU.Build.0 = Release|Any CPU
		{A56EE6F0-8840-419C-8190-0FEE322CB9E2}.Ad-Hoc|iPhone.ActiveCfg = Release|Any CPU
		{A56EE6F0-8840-419C-8190-0FEE322CB9E2}.Ad-Hoc|iPhone.Build.0 = Release|Any CPU
		{A56EE6F0-8840-419C-8190-0FEE322CB9E2}.Ad-Hoc|iPhoneSimulator.ActiveCfg = Release|Any CPU
		{A56EE6F0-8840-419C-8190-0FEE322CB9E2}.Ad-Hoc|iPhoneSimulator.Build.0 = Release|Any CPU
		{A56EE6F0-8840-419C-8190-0FEE322CB9E2}.Ad-Hoc|x64.ActiveCfg = Release|Any CPU
		{A56EE6F0-8840-419C-8190-0FEE322CB9E2}.Ad-Hoc|x64.Build.0 = Release|Any CPU
		{A56EE6F0-8840-419C-8190-0FEE322CB9E2}.AppStore|Any CPU.ActiveCfg = Release|Any CPU
		{A56EE6F0-8840-419C-8190-0FEE322CB9E2}.AppStore|Any CPU.Build.0 = Release|Any CPU
		{A56EE6F0-8840-419C-8190-0FEE322CB9E2}.AppStore|iPhone.ActiveCfg = Release|Any CPU
		{A56EE6F0-8840-419C-8190-0FEE322CB9E2}.AppStore|iPhone.Build.0 = Release|Any CPU
		{A56EE6F0-8840-419C-8190-0FEE322CB9E2}.AppStore|iPhoneSimulator.ActiveCfg = Release|Any CPU
		{A56EE6F0-8840-419C-8190-0FEE322CB9E2}.AppStore|iPhoneSimulator.Build.0 = Release|Any CPU
		{A56EE6F0-8840-419C-8190-0FEE322CB9E2}.AppStore|x64.ActiveCfg = Release|Any CPU
		{A56EE6F0-8840-419C-8190-0FEE322CB9E2}.AppStore|x64.Build.0 = Release|Any CPU
		{A56EE6F0-8840-419C-8190-0FEE322CB9E2}.Debug|Any CPU.ActiveCfg = Debug|Any CPU
		{A56EE6F0-8840-419C-8190-0FEE322CB9E2}.Debug|Any CPU.Build.0 = Debug|Any CPU
		{A56EE6F0-8840-419C-8190-0FEE322CB9E2}.Debug|iPhone.ActiveCfg = Debug|Any CPU
		{A56EE6F0-8840-419C-8190-0FEE322CB9E2}.Debug|iPhone.Build.0 = Debug|Any CPU
		{A56EE6F0-8840-419C-8190-0FEE322CB9E2}.Debug|iPhoneSimulator.ActiveCfg = Debug|Any CPU
		{A56EE6F0-8840-419C-8190-0FEE322CB9E2}.Debug|iPhoneSimulator.Build.0 = Debug|Any CPU
		{A56EE6F0-8840-419C-8190-0FEE322CB9E2}.Debug|x64.ActiveCfg = Debug|Any CPU
		{A56EE6F0-8840-419C-8190-0FEE322CB9E2}.Debug|x64.Build.0 = Debug|Any CPU
		{A56EE6F0-8840-419C-8190-0FEE322CB9E2}.Release|Any CPU.ActiveCfg = Release|Any CPU
		{A56EE6F0-8840-419C-8190-0FEE322CB9E2}.Release|Any CPU.Build.0 = Release|Any CPU
		{A56EE6F0-8840-419C-8190-0FEE322CB9E2}.Release|iPhone.ActiveCfg = Release|Any CPU
		{A56EE6F0-8840-419C-8190-0FEE322CB9E2}.Release|iPhone.Build.0 = Release|Any CPU
		{A56EE6F0-8840-419C-8190-0FEE322CB9E2}.Release|iPhoneSimulator.ActiveCfg = Release|Any CPU
		{A56EE6F0-8840-419C-8190-0FEE322CB9E2}.Release|iPhoneSimulator.Build.0 = Release|Any CPU
		{A56EE6F0-8840-419C-8190-0FEE322CB9E2}.Release|x64.ActiveCfg = Release|Any CPU
		{A56EE6F0-8840-419C-8190-0FEE322CB9E2}.Release|x64.Build.0 = Release|Any CPU
		{ADCE51A2-331F-4E5F-94D2-BA92CD3BABFF}.Ad-Hoc|Any CPU.ActiveCfg = Release|Any CPU
		{ADCE51A2-331F-4E5F-94D2-BA92CD3BABFF}.Ad-Hoc|Any CPU.Build.0 = Release|Any CPU
		{ADCE51A2-331F-4E5F-94D2-BA92CD3BABFF}.Ad-Hoc|iPhone.ActiveCfg = Release|Any CPU
		{ADCE51A2-331F-4E5F-94D2-BA92CD3BABFF}.Ad-Hoc|iPhone.Build.0 = Release|Any CPU
		{ADCE51A2-331F-4E5F-94D2-BA92CD3BABFF}.Ad-Hoc|iPhoneSimulator.ActiveCfg = Release|Any CPU
		{ADCE51A2-331F-4E5F-94D2-BA92CD3BABFF}.Ad-Hoc|iPhoneSimulator.Build.0 = Release|Any CPU
		{ADCE51A2-331F-4E5F-94D2-BA92CD3BABFF}.Ad-Hoc|x64.ActiveCfg = Release|Any CPU
		{ADCE51A2-331F-4E5F-94D2-BA92CD3BABFF}.Ad-Hoc|x64.Build.0 = Release|Any CPU
		{ADCE51A2-331F-4E5F-94D2-BA92CD3BABFF}.AppStore|Any CPU.ActiveCfg = Release|Any CPU
		{ADCE51A2-331F-4E5F-94D2-BA92CD3BABFF}.AppStore|Any CPU.Build.0 = Release|Any CPU
		{ADCE51A2-331F-4E5F-94D2-BA92CD3BABFF}.AppStore|iPhone.ActiveCfg = Release|Any CPU
		{ADCE51A2-331F-4E5F-94D2-BA92CD3BABFF}.AppStore|iPhone.Build.0 = Release|Any CPU
		{ADCE51A2-331F-4E5F-94D2-BA92CD3BABFF}.AppStore|iPhoneSimulator.ActiveCfg = Release|Any CPU
		{ADCE51A2-331F-4E5F-94D2-BA92CD3BABFF}.AppStore|iPhoneSimulator.Build.0 = Release|Any CPU
		{ADCE51A2-331F-4E5F-94D2-BA92CD3BABFF}.AppStore|x64.ActiveCfg = Release|Any CPU
		{ADCE51A2-331F-4E5F-94D2-BA92CD3BABFF}.AppStore|x64.Build.0 = Release|Any CPU
		{ADCE51A2-331F-4E5F-94D2-BA92CD3BABFF}.Debug|Any CPU.ActiveCfg = Debug|Any CPU
		{ADCE51A2-331F-4E5F-94D2-BA92CD3BABFF}.Debug|Any CPU.Build.0 = Debug|Any CPU
		{ADCE51A2-331F-4E5F-94D2-BA92CD3BABFF}.Debug|iPhone.ActiveCfg = Debug|Any CPU
		{ADCE51A2-331F-4E5F-94D2-BA92CD3BABFF}.Debug|iPhone.Build.0 = Debug|Any CPU
		{ADCE51A2-331F-4E5F-94D2-BA92CD3BABFF}.Debug|iPhoneSimulator.ActiveCfg = Debug|Any CPU
		{ADCE51A2-331F-4E5F-94D2-BA92CD3BABFF}.Debug|iPhoneSimulator.Build.0 = Debug|Any CPU
		{ADCE51A2-331F-4E5F-94D2-BA92CD3BABFF}.Debug|x64.ActiveCfg = Debug|Any CPU
		{ADCE51A2-331F-4E5F-94D2-BA92CD3BABFF}.Debug|x64.Build.0 = Debug|Any CPU
		{ADCE51A2-331F-4E5F-94D2-BA92CD3BABFF}.Release|Any CPU.ActiveCfg = Release|Any CPU
		{ADCE51A2-331F-4E5F-94D2-BA92CD3BABFF}.Release|Any CPU.Build.0 = Release|Any CPU
		{ADCE51A2-331F-4E5F-94D2-BA92CD3BABFF}.Release|iPhone.ActiveCfg = Release|Any CPU
		{ADCE51A2-331F-4E5F-94D2-BA92CD3BABFF}.Release|iPhone.Build.0 = Release|Any CPU
		{ADCE51A2-331F-4E5F-94D2-BA92CD3BABFF}.Release|iPhoneSimulator.ActiveCfg = Release|Any CPU
		{ADCE51A2-331F-4E5F-94D2-BA92CD3BABFF}.Release|iPhoneSimulator.Build.0 = Release|Any CPU
		{ADCE51A2-331F-4E5F-94D2-BA92CD3BABFF}.Release|x64.ActiveCfg = Release|Any CPU
		{ADCE51A2-331F-4E5F-94D2-BA92CD3BABFF}.Release|x64.Build.0 = Release|Any CPU
		{97383D52-B45A-41C9-BCF6-95F11ED88F38}.Ad-Hoc|Any CPU.ActiveCfg = Ad-Hoc|iPhone
		{97383D52-B45A-41C9-BCF6-95F11ED88F38}.Ad-Hoc|iPhone.ActiveCfg = Ad-Hoc|iPhone
		{97383D52-B45A-41C9-BCF6-95F11ED88F38}.Ad-Hoc|iPhone.Build.0 = Ad-Hoc|iPhone
		{97383D52-B45A-41C9-BCF6-95F11ED88F38}.Ad-Hoc|iPhoneSimulator.ActiveCfg = Ad-Hoc|iPhoneSimulator
		{97383D52-B45A-41C9-BCF6-95F11ED88F38}.Ad-Hoc|iPhoneSimulator.Build.0 = Ad-Hoc|iPhoneSimulator
		{97383D52-B45A-41C9-BCF6-95F11ED88F38}.Ad-Hoc|x64.ActiveCfg = Ad-Hoc|iPhone
		{97383D52-B45A-41C9-BCF6-95F11ED88F38}.AppStore|Any CPU.ActiveCfg = AppStore|iPhone
		{97383D52-B45A-41C9-BCF6-95F11ED88F38}.AppStore|iPhone.ActiveCfg = AppStore|iPhone
		{97383D52-B45A-41C9-BCF6-95F11ED88F38}.AppStore|iPhone.Build.0 = AppStore|iPhone
		{97383D52-B45A-41C9-BCF6-95F11ED88F38}.AppStore|iPhoneSimulator.ActiveCfg = AppStore|iPhoneSimulator
		{97383D52-B45A-41C9-BCF6-95F11ED88F38}.AppStore|iPhoneSimulator.Build.0 = AppStore|iPhoneSimulator
		{97383D52-B45A-41C9-BCF6-95F11ED88F38}.AppStore|x64.ActiveCfg = AppStore|iPhone
		{97383D52-B45A-41C9-BCF6-95F11ED88F38}.Debug|Any CPU.ActiveCfg = Debug|iPhone
		{97383D52-B45A-41C9-BCF6-95F11ED88F38}.Debug|iPhone.ActiveCfg = Debug|iPhone
		{97383D52-B45A-41C9-BCF6-95F11ED88F38}.Debug|iPhone.Build.0 = Debug|iPhone
		{97383D52-B45A-41C9-BCF6-95F11ED88F38}.Debug|iPhoneSimulator.ActiveCfg = Debug|iPhoneSimulator
		{97383D52-B45A-41C9-BCF6-95F11ED88F38}.Debug|iPhoneSimulator.Build.0 = Debug|iPhoneSimulator
		{97383D52-B45A-41C9-BCF6-95F11ED88F38}.Debug|x64.ActiveCfg = Debug|iPhone
		{97383D52-B45A-41C9-BCF6-95F11ED88F38}.Release|Any CPU.ActiveCfg = Release|iPhone
		{97383D52-B45A-41C9-BCF6-95F11ED88F38}.Release|iPhone.ActiveCfg = Release|iPhone
		{97383D52-B45A-41C9-BCF6-95F11ED88F38}.Release|iPhone.Build.0 = Release|iPhone
		{97383D52-B45A-41C9-BCF6-95F11ED88F38}.Release|iPhoneSimulator.ActiveCfg = Release|iPhoneSimulator
		{97383D52-B45A-41C9-BCF6-95F11ED88F38}.Release|iPhoneSimulator.Build.0 = Release|iPhoneSimulator
		{97383D52-B45A-41C9-BCF6-95F11ED88F38}.Release|x64.ActiveCfg = Release|iPhone
		{38ED7AA0-F00A-41B8-9E72-8A45E72BBCCC}.Ad-Hoc|Any CPU.ActiveCfg = Release|Any CPU
		{38ED7AA0-F00A-41B8-9E72-8A45E72BBCCC}.Ad-Hoc|Any CPU.Build.0 = Release|Any CPU
		{38ED7AA0-F00A-41B8-9E72-8A45E72BBCCC}.Ad-Hoc|iPhone.ActiveCfg = Release|Any CPU
		{38ED7AA0-F00A-41B8-9E72-8A45E72BBCCC}.Ad-Hoc|iPhone.Build.0 = Release|Any CPU
		{38ED7AA0-F00A-41B8-9E72-8A45E72BBCCC}.Ad-Hoc|iPhoneSimulator.ActiveCfg = Release|Any CPU
		{38ED7AA0-F00A-41B8-9E72-8A45E72BBCCC}.Ad-Hoc|iPhoneSimulator.Build.0 = Release|Any CPU
		{38ED7AA0-F00A-41B8-9E72-8A45E72BBCCC}.Ad-Hoc|x64.ActiveCfg = Release|Any CPU
		{38ED7AA0-F00A-41B8-9E72-8A45E72BBCCC}.Ad-Hoc|x64.Build.0 = Release|Any CPU
		{38ED7AA0-F00A-41B8-9E72-8A45E72BBCCC}.AppStore|Any CPU.ActiveCfg = Release|Any CPU
		{38ED7AA0-F00A-41B8-9E72-8A45E72BBCCC}.AppStore|Any CPU.Build.0 = Release|Any CPU
		{38ED7AA0-F00A-41B8-9E72-8A45E72BBCCC}.AppStore|iPhone.ActiveCfg = Release|Any CPU
		{38ED7AA0-F00A-41B8-9E72-8A45E72BBCCC}.AppStore|iPhone.Build.0 = Release|Any CPU
		{38ED7AA0-F00A-41B8-9E72-8A45E72BBCCC}.AppStore|iPhoneSimulator.ActiveCfg = Release|Any CPU
		{38ED7AA0-F00A-41B8-9E72-8A45E72BBCCC}.AppStore|iPhoneSimulator.Build.0 = Release|Any CPU
		{38ED7AA0-F00A-41B8-9E72-8A45E72BBCCC}.AppStore|x64.ActiveCfg = Release|Any CPU
		{38ED7AA0-F00A-41B8-9E72-8A45E72BBCCC}.AppStore|x64.Build.0 = Release|Any CPU
		{38ED7AA0-F00A-41B8-9E72-8A45E72BBCCC}.Debug|Any CPU.ActiveCfg = Debug|Any CPU
		{38ED7AA0-F00A-41B8-9E72-8A45E72BBCCC}.Debug|Any CPU.Build.0 = Debug|Any CPU
		{38ED7AA0-F00A-41B8-9E72-8A45E72BBCCC}.Debug|iPhone.ActiveCfg = Debug|Any CPU
		{38ED7AA0-F00A-41B8-9E72-8A45E72BBCCC}.Debug|iPhone.Build.0 = Debug|Any CPU
		{38ED7AA0-F00A-41B8-9E72-8A45E72BBCCC}.Debug|iPhoneSimulator.ActiveCfg = Debug|Any CPU
		{38ED7AA0-F00A-41B8-9E72-8A45E72BBCCC}.Debug|iPhoneSimulator.Build.0 = Debug|Any CPU
		{38ED7AA0-F00A-41B8-9E72-8A45E72BBCCC}.Debug|x64.ActiveCfg = Debug|Any CPU
		{38ED7AA0-F00A-41B8-9E72-8A45E72BBCCC}.Debug|x64.Build.0 = Debug|Any CPU
		{38ED7AA0-F00A-41B8-9E72-8A45E72BBCCC}.Release|Any CPU.ActiveCfg = Release|Any CPU
		{38ED7AA0-F00A-41B8-9E72-8A45E72BBCCC}.Release|Any CPU.Build.0 = Release|Any CPU
		{38ED7AA0-F00A-41B8-9E72-8A45E72BBCCC}.Release|iPhone.ActiveCfg = Release|Any CPU
		{38ED7AA0-F00A-41B8-9E72-8A45E72BBCCC}.Release|iPhone.Build.0 = Release|Any CPU
		{38ED7AA0-F00A-41B8-9E72-8A45E72BBCCC}.Release|iPhoneSimulator.ActiveCfg = Release|Any CPU
		{38ED7AA0-F00A-41B8-9E72-8A45E72BBCCC}.Release|iPhoneSimulator.Build.0 = Release|Any CPU
		{38ED7AA0-F00A-41B8-9E72-8A45E72BBCCC}.Release|x64.ActiveCfg = Release|Any CPU
		{38ED7AA0-F00A-41B8-9E72-8A45E72BBCCC}.Release|x64.Build.0 = Release|Any CPU
		{0658AE17-C9B5-4B24-88CC-ABE3C4FECAA5}.Ad-Hoc|Any CPU.ActiveCfg = Release|Any CPU
		{0658AE17-C9B5-4B24-88CC-ABE3C4FECAA5}.Ad-Hoc|Any CPU.Build.0 = Release|Any CPU
		{0658AE17-C9B5-4B24-88CC-ABE3C4FECAA5}.Ad-Hoc|iPhone.ActiveCfg = Release|Any CPU
		{0658AE17-C9B5-4B24-88CC-ABE3C4FECAA5}.Ad-Hoc|iPhone.Build.0 = Release|Any CPU
		{0658AE17-C9B5-4B24-88CC-ABE3C4FECAA5}.Ad-Hoc|iPhoneSimulator.ActiveCfg = Release|Any CPU
		{0658AE17-C9B5-4B24-88CC-ABE3C4FECAA5}.Ad-Hoc|iPhoneSimulator.Build.0 = Release|Any CPU
		{0658AE17-C9B5-4B24-88CC-ABE3C4FECAA5}.Ad-Hoc|x64.ActiveCfg = Release|Any CPU
		{0658AE17-C9B5-4B24-88CC-ABE3C4FECAA5}.Ad-Hoc|x64.Build.0 = Release|Any CPU
		{0658AE17-C9B5-4B24-88CC-ABE3C4FECAA5}.AppStore|Any CPU.ActiveCfg = Release|Any CPU
		{0658AE17-C9B5-4B24-88CC-ABE3C4FECAA5}.AppStore|Any CPU.Build.0 = Release|Any CPU
		{0658AE17-C9B5-4B24-88CC-ABE3C4FECAA5}.AppStore|iPhone.ActiveCfg = Release|Any CPU
		{0658AE17-C9B5-4B24-88CC-ABE3C4FECAA5}.AppStore|iPhone.Build.0 = Release|Any CPU
		{0658AE17-C9B5-4B24-88CC-ABE3C4FECAA5}.AppStore|iPhoneSimulator.ActiveCfg = Release|Any CPU
		{0658AE17-C9B5-4B24-88CC-ABE3C4FECAA5}.AppStore|iPhoneSimulator.Build.0 = Release|Any CPU
		{0658AE17-C9B5-4B24-88CC-ABE3C4FECAA5}.AppStore|x64.ActiveCfg = Release|Any CPU
		{0658AE17-C9B5-4B24-88CC-ABE3C4FECAA5}.AppStore|x64.Build.0 = Release|Any CPU
		{0658AE17-C9B5-4B24-88CC-ABE3C4FECAA5}.Debug|Any CPU.ActiveCfg = Debug|Any CPU
		{0658AE17-C9B5-4B24-88CC-ABE3C4FECAA5}.Debug|Any CPU.Build.0 = Debug|Any CPU
		{0658AE17-C9B5-4B24-88CC-ABE3C4FECAA5}.Debug|iPhone.ActiveCfg = Debug|Any CPU
		{0658AE17-C9B5-4B24-88CC-ABE3C4FECAA5}.Debug|iPhone.Build.0 = Debug|Any CPU
		{0658AE17-C9B5-4B24-88CC-ABE3C4FECAA5}.Debug|iPhoneSimulator.ActiveCfg = Debug|Any CPU
		{0658AE17-C9B5-4B24-88CC-ABE3C4FECAA5}.Debug|iPhoneSimulator.Build.0 = Debug|Any CPU
		{0658AE17-C9B5-4B24-88CC-ABE3C4FECAA5}.Debug|x64.ActiveCfg = Debug|Any CPU
		{0658AE17-C9B5-4B24-88CC-ABE3C4FECAA5}.Debug|x64.Build.0 = Debug|Any CPU
		{0658AE17-C9B5-4B24-88CC-ABE3C4FECAA5}.Release|Any CPU.ActiveCfg = Release|Any CPU
		{0658AE17-C9B5-4B24-88CC-ABE3C4FECAA5}.Release|Any CPU.Build.0 = Release|Any CPU
		{0658AE17-C9B5-4B24-88CC-ABE3C4FECAA5}.Release|iPhone.ActiveCfg = Release|Any CPU
		{0658AE17-C9B5-4B24-88CC-ABE3C4FECAA5}.Release|iPhone.Build.0 = Release|Any CPU
		{0658AE17-C9B5-4B24-88CC-ABE3C4FECAA5}.Release|iPhoneSimulator.ActiveCfg = Release|Any CPU
		{0658AE17-C9B5-4B24-88CC-ABE3C4FECAA5}.Release|iPhoneSimulator.Build.0 = Release|Any CPU
		{0658AE17-C9B5-4B24-88CC-ABE3C4FECAA5}.Release|x64.ActiveCfg = Release|Any CPU
		{0658AE17-C9B5-4B24-88CC-ABE3C4FECAA5}.Release|x64.Build.0 = Release|Any CPU
		{976D7191-EE8D-43CC-BB0E-A7E51EC3D4E3}.Ad-Hoc|Any CPU.ActiveCfg = Release|Any CPU
		{976D7191-EE8D-43CC-BB0E-A7E51EC3D4E3}.Ad-Hoc|Any CPU.Build.0 = Release|Any CPU
		{976D7191-EE8D-43CC-BB0E-A7E51EC3D4E3}.Ad-Hoc|iPhone.ActiveCfg = Release|Any CPU
		{976D7191-EE8D-43CC-BB0E-A7E51EC3D4E3}.Ad-Hoc|iPhone.Build.0 = Release|Any CPU
		{976D7191-EE8D-43CC-BB0E-A7E51EC3D4E3}.Ad-Hoc|iPhoneSimulator.ActiveCfg = Release|Any CPU
		{976D7191-EE8D-43CC-BB0E-A7E51EC3D4E3}.Ad-Hoc|iPhoneSimulator.Build.0 = Release|Any CPU
		{976D7191-EE8D-43CC-BB0E-A7E51EC3D4E3}.Ad-Hoc|x64.ActiveCfg = Release|Any CPU
		{976D7191-EE8D-43CC-BB0E-A7E51EC3D4E3}.Ad-Hoc|x64.Build.0 = Release|Any CPU
		{976D7191-EE8D-43CC-BB0E-A7E51EC3D4E3}.AppStore|Any CPU.ActiveCfg = Release|Any CPU
		{976D7191-EE8D-43CC-BB0E-A7E51EC3D4E3}.AppStore|Any CPU.Build.0 = Release|Any CPU
		{976D7191-EE8D-43CC-BB0E-A7E51EC3D4E3}.AppStore|iPhone.ActiveCfg = Release|Any CPU
		{976D7191-EE8D-43CC-BB0E-A7E51EC3D4E3}.AppStore|iPhone.Build.0 = Release|Any CPU
		{976D7191-EE8D-43CC-BB0E-A7E51EC3D4E3}.AppStore|iPhoneSimulator.ActiveCfg = Release|Any CPU
		{976D7191-EE8D-43CC-BB0E-A7E51EC3D4E3}.AppStore|iPhoneSimulator.Build.0 = Release|Any CPU
		{976D7191-EE8D-43CC-BB0E-A7E51EC3D4E3}.AppStore|x64.ActiveCfg = Release|Any CPU
		{976D7191-EE8D-43CC-BB0E-A7E51EC3D4E3}.AppStore|x64.Build.0 = Release|Any CPU
		{976D7191-EE8D-43CC-BB0E-A7E51EC3D4E3}.Debug|Any CPU.ActiveCfg = Debug|Any CPU
		{976D7191-EE8D-43CC-BB0E-A7E51EC3D4E3}.Debug|Any CPU.Build.0 = Debug|Any CPU
		{976D7191-EE8D-43CC-BB0E-A7E51EC3D4E3}.Debug|iPhone.ActiveCfg = Debug|Any CPU
		{976D7191-EE8D-43CC-BB0E-A7E51EC3D4E3}.Debug|iPhone.Build.0 = Debug|Any CPU
		{976D7191-EE8D-43CC-BB0E-A7E51EC3D4E3}.Debug|iPhoneSimulator.ActiveCfg = Debug|Any CPU
		{976D7191-EE8D-43CC-BB0E-A7E51EC3D4E3}.Debug|iPhoneSimulator.Build.0 = Debug|Any CPU
		{976D7191-EE8D-43CC-BB0E-A7E51EC3D4E3}.Debug|x64.ActiveCfg = Debug|Any CPU
		{976D7191-EE8D-43CC-BB0E-A7E51EC3D4E3}.Debug|x64.Build.0 = Debug|Any CPU
		{976D7191-EE8D-43CC-BB0E-A7E51EC3D4E3}.Release|Any CPU.ActiveCfg = Release|Any CPU
		{976D7191-EE8D-43CC-BB0E-A7E51EC3D4E3}.Release|Any CPU.Build.0 = Release|Any CPU
		{976D7191-EE8D-43CC-BB0E-A7E51EC3D4E3}.Release|iPhone.ActiveCfg = Release|Any CPU
		{976D7191-EE8D-43CC-BB0E-A7E51EC3D4E3}.Release|iPhone.Build.0 = Release|Any CPU
		{976D7191-EE8D-43CC-BB0E-A7E51EC3D4E3}.Release|iPhoneSimulator.ActiveCfg = Release|Any CPU
		{976D7191-EE8D-43CC-BB0E-A7E51EC3D4E3}.Release|iPhoneSimulator.Build.0 = Release|Any CPU
		{976D7191-EE8D-43CC-BB0E-A7E51EC3D4E3}.Release|x64.ActiveCfg = Release|Any CPU
		{976D7191-EE8D-43CC-BB0E-A7E51EC3D4E3}.Release|x64.Build.0 = Release|Any CPU
		{F0EA54AB-C750-4C7E-926F-388DF128337B}.Ad-Hoc|Any CPU.ActiveCfg = Release|Any CPU
		{F0EA54AB-C750-4C7E-926F-388DF128337B}.Ad-Hoc|Any CPU.Build.0 = Release|Any CPU
		{F0EA54AB-C750-4C7E-926F-388DF128337B}.Ad-Hoc|Any CPU.Deploy.0 = Release|Any CPU
		{F0EA54AB-C750-4C7E-926F-388DF128337B}.Ad-Hoc|iPhone.ActiveCfg = Release|Any CPU
		{F0EA54AB-C750-4C7E-926F-388DF128337B}.Ad-Hoc|iPhone.Build.0 = Release|Any CPU
		{F0EA54AB-C750-4C7E-926F-388DF128337B}.Ad-Hoc|iPhone.Deploy.0 = Release|Any CPU
		{F0EA54AB-C750-4C7E-926F-388DF128337B}.Ad-Hoc|iPhoneSimulator.ActiveCfg = Release|Any CPU
		{F0EA54AB-C750-4C7E-926F-388DF128337B}.Ad-Hoc|iPhoneSimulator.Build.0 = Release|Any CPU
		{F0EA54AB-C750-4C7E-926F-388DF128337B}.Ad-Hoc|iPhoneSimulator.Deploy.0 = Release|Any CPU
		{F0EA54AB-C750-4C7E-926F-388DF128337B}.Ad-Hoc|x64.ActiveCfg = Release|Any CPU
		{F0EA54AB-C750-4C7E-926F-388DF128337B}.Ad-Hoc|x64.Build.0 = Release|Any CPU
		{F0EA54AB-C750-4C7E-926F-388DF128337B}.Ad-Hoc|x64.Deploy.0 = Release|Any CPU
		{F0EA54AB-C750-4C7E-926F-388DF128337B}.AppStore|Any CPU.ActiveCfg = Release|Any CPU
		{F0EA54AB-C750-4C7E-926F-388DF128337B}.AppStore|Any CPU.Build.0 = Release|Any CPU
		{F0EA54AB-C750-4C7E-926F-388DF128337B}.AppStore|Any CPU.Deploy.0 = Release|Any CPU
		{F0EA54AB-C750-4C7E-926F-388DF128337B}.AppStore|iPhone.ActiveCfg = Release|Any CPU
		{F0EA54AB-C750-4C7E-926F-388DF128337B}.AppStore|iPhone.Build.0 = Release|Any CPU
		{F0EA54AB-C750-4C7E-926F-388DF128337B}.AppStore|iPhone.Deploy.0 = Release|Any CPU
		{F0EA54AB-C750-4C7E-926F-388DF128337B}.AppStore|iPhoneSimulator.ActiveCfg = Release|Any CPU
		{F0EA54AB-C750-4C7E-926F-388DF128337B}.AppStore|iPhoneSimulator.Build.0 = Release|Any CPU
		{F0EA54AB-C750-4C7E-926F-388DF128337B}.AppStore|iPhoneSimulator.Deploy.0 = Release|Any CPU
		{F0EA54AB-C750-4C7E-926F-388DF128337B}.AppStore|x64.ActiveCfg = Release|Any CPU
		{F0EA54AB-C750-4C7E-926F-388DF128337B}.AppStore|x64.Build.0 = Release|Any CPU
		{F0EA54AB-C750-4C7E-926F-388DF128337B}.AppStore|x64.Deploy.0 = Release|Any CPU
		{F0EA54AB-C750-4C7E-926F-388DF128337B}.Debug|Any CPU.ActiveCfg = Debug|Any CPU
		{F0EA54AB-C750-4C7E-926F-388DF128337B}.Debug|Any CPU.Build.0 = Debug|Any CPU
		{F0EA54AB-C750-4C7E-926F-388DF128337B}.Debug|Any CPU.Deploy.0 = Debug|Any CPU
		{F0EA54AB-C750-4C7E-926F-388DF128337B}.Debug|iPhone.ActiveCfg = Debug|Any CPU
		{F0EA54AB-C750-4C7E-926F-388DF128337B}.Debug|iPhone.Build.0 = Debug|Any CPU
		{F0EA54AB-C750-4C7E-926F-388DF128337B}.Debug|iPhone.Deploy.0 = Debug|Any CPU
		{F0EA54AB-C750-4C7E-926F-388DF128337B}.Debug|iPhoneSimulator.ActiveCfg = Debug|Any CPU
		{F0EA54AB-C750-4C7E-926F-388DF128337B}.Debug|iPhoneSimulator.Build.0 = Debug|Any CPU
		{F0EA54AB-C750-4C7E-926F-388DF128337B}.Debug|iPhoneSimulator.Deploy.0 = Debug|Any CPU
		{F0EA54AB-C750-4C7E-926F-388DF128337B}.Debug|x64.ActiveCfg = Debug|Any CPU
		{F0EA54AB-C750-4C7E-926F-388DF128337B}.Debug|x64.Build.0 = Debug|Any CPU
		{F0EA54AB-C750-4C7E-926F-388DF128337B}.Debug|x64.Deploy.0 = Debug|Any CPU
		{F0EA54AB-C750-4C7E-926F-388DF128337B}.Release|Any CPU.ActiveCfg = Release|Any CPU
		{F0EA54AB-C750-4C7E-926F-388DF128337B}.Release|Any CPU.Build.0 = Release|Any CPU
		{F0EA54AB-C750-4C7E-926F-388DF128337B}.Release|Any CPU.Deploy.0 = Release|Any CPU
		{F0EA54AB-C750-4C7E-926F-388DF128337B}.Release|iPhone.ActiveCfg = Release|Any CPU
		{F0EA54AB-C750-4C7E-926F-388DF128337B}.Release|iPhone.Build.0 = Release|Any CPU
		{F0EA54AB-C750-4C7E-926F-388DF128337B}.Release|iPhone.Deploy.0 = Release|Any CPU
		{F0EA54AB-C750-4C7E-926F-388DF128337B}.Release|iPhoneSimulator.ActiveCfg = Release|Any CPU
		{F0EA54AB-C750-4C7E-926F-388DF128337B}.Release|iPhoneSimulator.Build.0 = Release|Any CPU
		{F0EA54AB-C750-4C7E-926F-388DF128337B}.Release|iPhoneSimulator.Deploy.0 = Release|Any CPU
		{F0EA54AB-C750-4C7E-926F-388DF128337B}.Release|x64.ActiveCfg = Release|Any CPU
		{F0EA54AB-C750-4C7E-926F-388DF128337B}.Release|x64.Build.0 = Release|Any CPU
		{F0EA54AB-C750-4C7E-926F-388DF128337B}.Release|x64.Deploy.0 = Release|Any CPU
		{B6F1D2EE-33C2-48E2-AAEE-CB108E12C992}.Ad-Hoc|Any CPU.ActiveCfg = Release|Any CPU
		{B6F1D2EE-33C2-48E2-AAEE-CB108E12C992}.Ad-Hoc|Any CPU.Build.0 = Release|Any CPU
		{B6F1D2EE-33C2-48E2-AAEE-CB108E12C992}.Ad-Hoc|iPhone.ActiveCfg = Release|Any CPU
		{B6F1D2EE-33C2-48E2-AAEE-CB108E12C992}.Ad-Hoc|iPhone.Build.0 = Release|Any CPU
		{B6F1D2EE-33C2-48E2-AAEE-CB108E12C992}.Ad-Hoc|iPhoneSimulator.ActiveCfg = Release|Any CPU
		{B6F1D2EE-33C2-48E2-AAEE-CB108E12C992}.Ad-Hoc|iPhoneSimulator.Build.0 = Release|Any CPU
		{B6F1D2EE-33C2-48E2-AAEE-CB108E12C992}.Ad-Hoc|x64.ActiveCfg = Release|Any CPU
		{B6F1D2EE-33C2-48E2-AAEE-CB108E12C992}.Ad-Hoc|x64.Build.0 = Release|Any CPU
		{B6F1D2EE-33C2-48E2-AAEE-CB108E12C992}.AppStore|Any CPU.ActiveCfg = Release|Any CPU
		{B6F1D2EE-33C2-48E2-AAEE-CB108E12C992}.AppStore|Any CPU.Build.0 = Release|Any CPU
		{B6F1D2EE-33C2-48E2-AAEE-CB108E12C992}.AppStore|iPhone.ActiveCfg = Release|Any CPU
		{B6F1D2EE-33C2-48E2-AAEE-CB108E12C992}.AppStore|iPhone.Build.0 = Release|Any CPU
		{B6F1D2EE-33C2-48E2-AAEE-CB108E12C992}.AppStore|iPhoneSimulator.ActiveCfg = Release|Any CPU
		{B6F1D2EE-33C2-48E2-AAEE-CB108E12C992}.AppStore|iPhoneSimulator.Build.0 = Release|Any CPU
		{B6F1D2EE-33C2-48E2-AAEE-CB108E12C992}.AppStore|x64.ActiveCfg = Release|Any CPU
		{B6F1D2EE-33C2-48E2-AAEE-CB108E12C992}.AppStore|x64.Build.0 = Release|Any CPU
		{B6F1D2EE-33C2-48E2-AAEE-CB108E12C992}.Debug|Any CPU.ActiveCfg = Debug|Any CPU
		{B6F1D2EE-33C2-48E2-AAEE-CB108E12C992}.Debug|Any CPU.Build.0 = Debug|Any CPU
		{B6F1D2EE-33C2-48E2-AAEE-CB108E12C992}.Debug|iPhone.ActiveCfg = Debug|Any CPU
		{B6F1D2EE-33C2-48E2-AAEE-CB108E12C992}.Debug|iPhone.Build.0 = Debug|Any CPU
		{B6F1D2EE-33C2-48E2-AAEE-CB108E12C992}.Debug|iPhoneSimulator.ActiveCfg = Debug|Any CPU
		{B6F1D2EE-33C2-48E2-AAEE-CB108E12C992}.Debug|iPhoneSimulator.Build.0 = Debug|Any CPU
		{B6F1D2EE-33C2-48E2-AAEE-CB108E12C992}.Debug|x64.ActiveCfg = Debug|Any CPU
		{B6F1D2EE-33C2-48E2-AAEE-CB108E12C992}.Debug|x64.Build.0 = Debug|Any CPU
		{B6F1D2EE-33C2-48E2-AAEE-CB108E12C992}.Release|Any CPU.ActiveCfg = Release|Any CPU
		{B6F1D2EE-33C2-48E2-AAEE-CB108E12C992}.Release|Any CPU.Build.0 = Release|Any CPU
		{B6F1D2EE-33C2-48E2-AAEE-CB108E12C992}.Release|iPhone.ActiveCfg = Release|Any CPU
		{B6F1D2EE-33C2-48E2-AAEE-CB108E12C992}.Release|iPhone.Build.0 = Release|Any CPU
		{B6F1D2EE-33C2-48E2-AAEE-CB108E12C992}.Release|iPhoneSimulator.ActiveCfg = Release|Any CPU
		{B6F1D2EE-33C2-48E2-AAEE-CB108E12C992}.Release|iPhoneSimulator.Build.0 = Release|Any CPU
		{B6F1D2EE-33C2-48E2-AAEE-CB108E12C992}.Release|x64.ActiveCfg = Release|Any CPU
		{B6F1D2EE-33C2-48E2-AAEE-CB108E12C992}.Release|x64.Build.0 = Release|Any CPU
		{81AD3F51-0FAF-4FEF-BE81-987544BF826F}.Ad-Hoc|Any CPU.ActiveCfg = Release|Any CPU
		{81AD3F51-0FAF-4FEF-BE81-987544BF826F}.Ad-Hoc|Any CPU.Build.0 = Release|Any CPU
		{81AD3F51-0FAF-4FEF-BE81-987544BF826F}.Ad-Hoc|iPhone.ActiveCfg = Release|Any CPU
		{81AD3F51-0FAF-4FEF-BE81-987544BF826F}.Ad-Hoc|iPhone.Build.0 = Release|Any CPU
		{81AD3F51-0FAF-4FEF-BE81-987544BF826F}.Ad-Hoc|iPhoneSimulator.ActiveCfg = Release|Any CPU
		{81AD3F51-0FAF-4FEF-BE81-987544BF826F}.Ad-Hoc|iPhoneSimulator.Build.0 = Release|Any CPU
		{81AD3F51-0FAF-4FEF-BE81-987544BF826F}.Ad-Hoc|x64.ActiveCfg = Release|Any CPU
		{81AD3F51-0FAF-4FEF-BE81-987544BF826F}.Ad-Hoc|x64.Build.0 = Release|Any CPU
		{81AD3F51-0FAF-4FEF-BE81-987544BF826F}.AppStore|Any CPU.ActiveCfg = Release|Any CPU
		{81AD3F51-0FAF-4FEF-BE81-987544BF826F}.AppStore|Any CPU.Build.0 = Release|Any CPU
		{81AD3F51-0FAF-4FEF-BE81-987544BF826F}.AppStore|iPhone.ActiveCfg = Release|Any CPU
		{81AD3F51-0FAF-4FEF-BE81-987544BF826F}.AppStore|iPhone.Build.0 = Release|Any CPU
		{81AD3F51-0FAF-4FEF-BE81-987544BF826F}.AppStore|iPhoneSimulator.ActiveCfg = Release|Any CPU
		{81AD3F51-0FAF-4FEF-BE81-987544BF826F}.AppStore|iPhoneSimulator.Build.0 = Release|Any CPU
		{81AD3F51-0FAF-4FEF-BE81-987544BF826F}.AppStore|x64.ActiveCfg = Release|Any CPU
		{81AD3F51-0FAF-4FEF-BE81-987544BF826F}.AppStore|x64.Build.0 = Release|Any CPU
		{81AD3F51-0FAF-4FEF-BE81-987544BF826F}.Debug|Any CPU.ActiveCfg = Debug|Any CPU
		{81AD3F51-0FAF-4FEF-BE81-987544BF826F}.Debug|Any CPU.Build.0 = Debug|Any CPU
		{81AD3F51-0FAF-4FEF-BE81-987544BF826F}.Debug|iPhone.ActiveCfg = Debug|Any CPU
		{81AD3F51-0FAF-4FEF-BE81-987544BF826F}.Debug|iPhone.Build.0 = Debug|Any CPU
		{81AD3F51-0FAF-4FEF-BE81-987544BF826F}.Debug|iPhoneSimulator.ActiveCfg = Debug|Any CPU
		{81AD3F51-0FAF-4FEF-BE81-987544BF826F}.Debug|iPhoneSimulator.Build.0 = Debug|Any CPU
		{81AD3F51-0FAF-4FEF-BE81-987544BF826F}.Debug|x64.ActiveCfg = Debug|Any CPU
		{81AD3F51-0FAF-4FEF-BE81-987544BF826F}.Debug|x64.Build.0 = Debug|Any CPU
		{81AD3F51-0FAF-4FEF-BE81-987544BF826F}.Release|Any CPU.ActiveCfg = Release|Any CPU
		{81AD3F51-0FAF-4FEF-BE81-987544BF826F}.Release|Any CPU.Build.0 = Release|Any CPU
		{81AD3F51-0FAF-4FEF-BE81-987544BF826F}.Release|iPhone.ActiveCfg = Release|Any CPU
		{81AD3F51-0FAF-4FEF-BE81-987544BF826F}.Release|iPhone.Build.0 = Release|Any CPU
		{81AD3F51-0FAF-4FEF-BE81-987544BF826F}.Release|iPhoneSimulator.ActiveCfg = Release|Any CPU
		{81AD3F51-0FAF-4FEF-BE81-987544BF826F}.Release|iPhoneSimulator.Build.0 = Release|Any CPU
		{81AD3F51-0FAF-4FEF-BE81-987544BF826F}.Release|x64.ActiveCfg = Release|Any CPU
		{81AD3F51-0FAF-4FEF-BE81-987544BF826F}.Release|x64.Build.0 = Release|Any CPU
		{D76C6619-AA3B-4A5D-A4EC-158D47A4470A}.Ad-Hoc|Any CPU.ActiveCfg = Release|Any CPU
		{D76C6619-AA3B-4A5D-A4EC-158D47A4470A}.Ad-Hoc|Any CPU.Build.0 = Release|Any CPU
		{D76C6619-AA3B-4A5D-A4EC-158D47A4470A}.Ad-Hoc|iPhone.ActiveCfg = Release|Any CPU
		{D76C6619-AA3B-4A5D-A4EC-158D47A4470A}.Ad-Hoc|iPhone.Build.0 = Release|Any CPU
		{D76C6619-AA3B-4A5D-A4EC-158D47A4470A}.Ad-Hoc|iPhoneSimulator.ActiveCfg = Release|Any CPU
		{D76C6619-AA3B-4A5D-A4EC-158D47A4470A}.Ad-Hoc|iPhoneSimulator.Build.0 = Release|Any CPU
		{D76C6619-AA3B-4A5D-A4EC-158D47A4470A}.Ad-Hoc|x64.ActiveCfg = Release|Any CPU
		{D76C6619-AA3B-4A5D-A4EC-158D47A4470A}.Ad-Hoc|x64.Build.0 = Release|Any CPU
		{D76C6619-AA3B-4A5D-A4EC-158D47A4470A}.AppStore|Any CPU.ActiveCfg = Release|Any CPU
		{D76C6619-AA3B-4A5D-A4EC-158D47A4470A}.AppStore|Any CPU.Build.0 = Release|Any CPU
		{D76C6619-AA3B-4A5D-A4EC-158D47A4470A}.AppStore|iPhone.ActiveCfg = Release|Any CPU
		{D76C6619-AA3B-4A5D-A4EC-158D47A4470A}.AppStore|iPhone.Build.0 = Release|Any CPU
		{D76C6619-AA3B-4A5D-A4EC-158D47A4470A}.AppStore|iPhoneSimulator.ActiveCfg = Release|Any CPU
		{D76C6619-AA3B-4A5D-A4EC-158D47A4470A}.AppStore|iPhoneSimulator.Build.0 = Release|Any CPU
		{D76C6619-AA3B-4A5D-A4EC-158D47A4470A}.AppStore|x64.ActiveCfg = Release|Any CPU
		{D76C6619-AA3B-4A5D-A4EC-158D47A4470A}.AppStore|x64.Build.0 = Release|Any CPU
		{D76C6619-AA3B-4A5D-A4EC-158D47A4470A}.Debug|Any CPU.ActiveCfg = Debug|Any CPU
		{D76C6619-AA3B-4A5D-A4EC-158D47A4470A}.Debug|Any CPU.Build.0 = Debug|Any CPU
		{D76C6619-AA3B-4A5D-A4EC-158D47A4470A}.Debug|iPhone.ActiveCfg = Debug|Any CPU
		{D76C6619-AA3B-4A5D-A4EC-158D47A4470A}.Debug|iPhone.Build.0 = Debug|Any CPU
		{D76C6619-AA3B-4A5D-A4EC-158D47A4470A}.Debug|iPhoneSimulator.ActiveCfg = Debug|Any CPU
		{D76C6619-AA3B-4A5D-A4EC-158D47A4470A}.Debug|iPhoneSimulator.Build.0 = Debug|Any CPU
		{D76C6619-AA3B-4A5D-A4EC-158D47A4470A}.Debug|x64.ActiveCfg = Debug|Any CPU
		{D76C6619-AA3B-4A5D-A4EC-158D47A4470A}.Debug|x64.Build.0 = Debug|Any CPU
		{D76C6619-AA3B-4A5D-A4EC-158D47A4470A}.Release|Any CPU.ActiveCfg = Release|Any CPU
		{D76C6619-AA3B-4A5D-A4EC-158D47A4470A}.Release|Any CPU.Build.0 = Release|Any CPU
		{D76C6619-AA3B-4A5D-A4EC-158D47A4470A}.Release|iPhone.ActiveCfg = Release|Any CPU
		{D76C6619-AA3B-4A5D-A4EC-158D47A4470A}.Release|iPhone.Build.0 = Release|Any CPU
		{D76C6619-AA3B-4A5D-A4EC-158D47A4470A}.Release|iPhoneSimulator.ActiveCfg = Release|Any CPU
		{D76C6619-AA3B-4A5D-A4EC-158D47A4470A}.Release|iPhoneSimulator.Build.0 = Release|Any CPU
		{D76C6619-AA3B-4A5D-A4EC-158D47A4470A}.Release|x64.ActiveCfg = Release|Any CPU
		{D76C6619-AA3B-4A5D-A4EC-158D47A4470A}.Release|x64.Build.0 = Release|Any CPU
		{E3F89901-0EE4-4F58-BDF7-B7F8D1E31AEB}.Ad-Hoc|Any CPU.ActiveCfg = Release|Any CPU
		{E3F89901-0EE4-4F58-BDF7-B7F8D1E31AEB}.Ad-Hoc|Any CPU.Build.0 = Release|Any CPU
		{E3F89901-0EE4-4F58-BDF7-B7F8D1E31AEB}.Ad-Hoc|iPhone.ActiveCfg = Release|Any CPU
		{E3F89901-0EE4-4F58-BDF7-B7F8D1E31AEB}.Ad-Hoc|iPhone.Build.0 = Release|Any CPU
		{E3F89901-0EE4-4F58-BDF7-B7F8D1E31AEB}.Ad-Hoc|iPhoneSimulator.ActiveCfg = Release|Any CPU
		{E3F89901-0EE4-4F58-BDF7-B7F8D1E31AEB}.Ad-Hoc|iPhoneSimulator.Build.0 = Release|Any CPU
		{E3F89901-0EE4-4F58-BDF7-B7F8D1E31AEB}.Ad-Hoc|x64.ActiveCfg = Release|Any CPU
		{E3F89901-0EE4-4F58-BDF7-B7F8D1E31AEB}.Ad-Hoc|x64.Build.0 = Release|Any CPU
		{E3F89901-0EE4-4F58-BDF7-B7F8D1E31AEB}.AppStore|Any CPU.ActiveCfg = Release|Any CPU
		{E3F89901-0EE4-4F58-BDF7-B7F8D1E31AEB}.AppStore|Any CPU.Build.0 = Release|Any CPU
		{E3F89901-0EE4-4F58-BDF7-B7F8D1E31AEB}.AppStore|iPhone.ActiveCfg = Release|Any CPU
		{E3F89901-0EE4-4F58-BDF7-B7F8D1E31AEB}.AppStore|iPhone.Build.0 = Release|Any CPU
		{E3F89901-0EE4-4F58-BDF7-B7F8D1E31AEB}.AppStore|iPhoneSimulator.ActiveCfg = Release|Any CPU
		{E3F89901-0EE4-4F58-BDF7-B7F8D1E31AEB}.AppStore|iPhoneSimulator.Build.0 = Release|Any CPU
		{E3F89901-0EE4-4F58-BDF7-B7F8D1E31AEB}.AppStore|x64.ActiveCfg = Release|Any CPU
		{E3F89901-0EE4-4F58-BDF7-B7F8D1E31AEB}.AppStore|x64.Build.0 = Release|Any CPU
		{E3F89901-0EE4-4F58-BDF7-B7F8D1E31AEB}.Debug|Any CPU.ActiveCfg = Debug|Any CPU
		{E3F89901-0EE4-4F58-BDF7-B7F8D1E31AEB}.Debug|Any CPU.Build.0 = Debug|Any CPU
		{E3F89901-0EE4-4F58-BDF7-B7F8D1E31AEB}.Debug|iPhone.ActiveCfg = Debug|Any CPU
		{E3F89901-0EE4-4F58-BDF7-B7F8D1E31AEB}.Debug|iPhone.Build.0 = Debug|Any CPU
		{E3F89901-0EE4-4F58-BDF7-B7F8D1E31AEB}.Debug|iPhoneSimulator.ActiveCfg = Debug|Any CPU
		{E3F89901-0EE4-4F58-BDF7-B7F8D1E31AEB}.Debug|iPhoneSimulator.Build.0 = Debug|Any CPU
		{E3F89901-0EE4-4F58-BDF7-B7F8D1E31AEB}.Debug|x64.ActiveCfg = Debug|Any CPU
		{E3F89901-0EE4-4F58-BDF7-B7F8D1E31AEB}.Debug|x64.Build.0 = Debug|Any CPU
		{E3F89901-0EE4-4F58-BDF7-B7F8D1E31AEB}.Release|Any CPU.ActiveCfg = Release|Any CPU
		{E3F89901-0EE4-4F58-BDF7-B7F8D1E31AEB}.Release|Any CPU.Build.0 = Release|Any CPU
		{E3F89901-0EE4-4F58-BDF7-B7F8D1E31AEB}.Release|iPhone.ActiveCfg = Release|Any CPU
		{E3F89901-0EE4-4F58-BDF7-B7F8D1E31AEB}.Release|iPhone.Build.0 = Release|Any CPU
		{E3F89901-0EE4-4F58-BDF7-B7F8D1E31AEB}.Release|iPhoneSimulator.ActiveCfg = Release|Any CPU
		{E3F89901-0EE4-4F58-BDF7-B7F8D1E31AEB}.Release|iPhoneSimulator.Build.0 = Release|Any CPU
		{E3F89901-0EE4-4F58-BDF7-B7F8D1E31AEB}.Release|x64.ActiveCfg = Release|Any CPU
		{E3F89901-0EE4-4F58-BDF7-B7F8D1E31AEB}.Release|x64.Build.0 = Release|Any CPU
		{E527AEF7-2CA8-4A9A-94CF-FC20D80C9D2A}.Ad-Hoc|Any CPU.ActiveCfg = Release|Any CPU
		{E527AEF7-2CA8-4A9A-94CF-FC20D80C9D2A}.Ad-Hoc|Any CPU.Build.0 = Release|Any CPU
		{E527AEF7-2CA8-4A9A-94CF-FC20D80C9D2A}.Ad-Hoc|iPhone.ActiveCfg = Release|Any CPU
		{E527AEF7-2CA8-4A9A-94CF-FC20D80C9D2A}.Ad-Hoc|iPhone.Build.0 = Release|Any CPU
		{E527AEF7-2CA8-4A9A-94CF-FC20D80C9D2A}.Ad-Hoc|iPhoneSimulator.ActiveCfg = Release|Any CPU
		{E527AEF7-2CA8-4A9A-94CF-FC20D80C9D2A}.Ad-Hoc|iPhoneSimulator.Build.0 = Release|Any CPU
		{E527AEF7-2CA8-4A9A-94CF-FC20D80C9D2A}.Ad-Hoc|x64.ActiveCfg = Release|Any CPU
		{E527AEF7-2CA8-4A9A-94CF-FC20D80C9D2A}.Ad-Hoc|x64.Build.0 = Release|Any CPU
		{E527AEF7-2CA8-4A9A-94CF-FC20D80C9D2A}.AppStore|Any CPU.ActiveCfg = Release|Any CPU
		{E527AEF7-2CA8-4A9A-94CF-FC20D80C9D2A}.AppStore|Any CPU.Build.0 = Release|Any CPU
		{E527AEF7-2CA8-4A9A-94CF-FC20D80C9D2A}.AppStore|iPhone.ActiveCfg = Release|Any CPU
		{E527AEF7-2CA8-4A9A-94CF-FC20D80C9D2A}.AppStore|iPhone.Build.0 = Release|Any CPU
		{E527AEF7-2CA8-4A9A-94CF-FC20D80C9D2A}.AppStore|iPhoneSimulator.ActiveCfg = Release|Any CPU
		{E527AEF7-2CA8-4A9A-94CF-FC20D80C9D2A}.AppStore|iPhoneSimulator.Build.0 = Release|Any CPU
		{E527AEF7-2CA8-4A9A-94CF-FC20D80C9D2A}.AppStore|x64.ActiveCfg = Release|Any CPU
		{E527AEF7-2CA8-4A9A-94CF-FC20D80C9D2A}.AppStore|x64.Build.0 = Release|Any CPU
		{E527AEF7-2CA8-4A9A-94CF-FC20D80C9D2A}.Debug|Any CPU.ActiveCfg = Debug|Any CPU
		{E527AEF7-2CA8-4A9A-94CF-FC20D80C9D2A}.Debug|Any CPU.Build.0 = Debug|Any CPU
		{E527AEF7-2CA8-4A9A-94CF-FC20D80C9D2A}.Debug|iPhone.ActiveCfg = Debug|Any CPU
		{E527AEF7-2CA8-4A9A-94CF-FC20D80C9D2A}.Debug|iPhone.Build.0 = Debug|Any CPU
		{E527AEF7-2CA8-4A9A-94CF-FC20D80C9D2A}.Debug|iPhoneSimulator.ActiveCfg = Debug|Any CPU
		{E527AEF7-2CA8-4A9A-94CF-FC20D80C9D2A}.Debug|iPhoneSimulator.Build.0 = Debug|Any CPU
		{E527AEF7-2CA8-4A9A-94CF-FC20D80C9D2A}.Debug|x64.ActiveCfg = Debug|Any CPU
		{E527AEF7-2CA8-4A9A-94CF-FC20D80C9D2A}.Debug|x64.Build.0 = Debug|Any CPU
		{E527AEF7-2CA8-4A9A-94CF-FC20D80C9D2A}.Release|Any CPU.ActiveCfg = Release|Any CPU
		{E527AEF7-2CA8-4A9A-94CF-FC20D80C9D2A}.Release|Any CPU.Build.0 = Release|Any CPU
		{E527AEF7-2CA8-4A9A-94CF-FC20D80C9D2A}.Release|iPhone.ActiveCfg = Release|Any CPU
		{E527AEF7-2CA8-4A9A-94CF-FC20D80C9D2A}.Release|iPhone.Build.0 = Release|Any CPU
		{E527AEF7-2CA8-4A9A-94CF-FC20D80C9D2A}.Release|iPhoneSimulator.ActiveCfg = Release|Any CPU
		{E527AEF7-2CA8-4A9A-94CF-FC20D80C9D2A}.Release|iPhoneSimulator.Build.0 = Release|Any CPU
		{E527AEF7-2CA8-4A9A-94CF-FC20D80C9D2A}.Release|x64.ActiveCfg = Release|Any CPU
		{E527AEF7-2CA8-4A9A-94CF-FC20D80C9D2A}.Release|x64.Build.0 = Release|Any CPU
		{49EF63DE-16C1-4A67-B94F-DF0982ABB74E}.Ad-Hoc|Any CPU.ActiveCfg = Release|Any CPU
		{49EF63DE-16C1-4A67-B94F-DF0982ABB74E}.Ad-Hoc|Any CPU.Build.0 = Release|Any CPU
		{49EF63DE-16C1-4A67-B94F-DF0982ABB74E}.Ad-Hoc|iPhone.ActiveCfg = Release|Any CPU
		{49EF63DE-16C1-4A67-B94F-DF0982ABB74E}.Ad-Hoc|iPhone.Build.0 = Release|Any CPU
		{49EF63DE-16C1-4A67-B94F-DF0982ABB74E}.Ad-Hoc|iPhoneSimulator.ActiveCfg = Release|Any CPU
		{49EF63DE-16C1-4A67-B94F-DF0982ABB74E}.Ad-Hoc|iPhoneSimulator.Build.0 = Release|Any CPU
		{49EF63DE-16C1-4A67-B94F-DF0982ABB74E}.Ad-Hoc|x64.ActiveCfg = Release|Any CPU
		{49EF63DE-16C1-4A67-B94F-DF0982ABB74E}.Ad-Hoc|x64.Build.0 = Release|Any CPU
		{49EF63DE-16C1-4A67-B94F-DF0982ABB74E}.AppStore|Any CPU.ActiveCfg = Release|Any CPU
		{49EF63DE-16C1-4A67-B94F-DF0982ABB74E}.AppStore|Any CPU.Build.0 = Release|Any CPU
		{49EF63DE-16C1-4A67-B94F-DF0982ABB74E}.AppStore|iPhone.ActiveCfg = Release|Any CPU
		{49EF63DE-16C1-4A67-B94F-DF0982ABB74E}.AppStore|iPhone.Build.0 = Release|Any CPU
		{49EF63DE-16C1-4A67-B94F-DF0982ABB74E}.AppStore|iPhoneSimulator.ActiveCfg = Release|Any CPU
		{49EF63DE-16C1-4A67-B94F-DF0982ABB74E}.AppStore|iPhoneSimulator.Build.0 = Release|Any CPU
		{49EF63DE-16C1-4A67-B94F-DF0982ABB74E}.AppStore|x64.ActiveCfg = Release|Any CPU
		{49EF63DE-16C1-4A67-B94F-DF0982ABB74E}.AppStore|x64.Build.0 = Release|Any CPU
		{49EF63DE-16C1-4A67-B94F-DF0982ABB74E}.Debug|Any CPU.ActiveCfg = Debug|Any CPU
		{49EF63DE-16C1-4A67-B94F-DF0982ABB74E}.Debug|Any CPU.Build.0 = Debug|Any CPU
		{49EF63DE-16C1-4A67-B94F-DF0982ABB74E}.Debug|iPhone.ActiveCfg = Debug|Any CPU
		{49EF63DE-16C1-4A67-B94F-DF0982ABB74E}.Debug|iPhone.Build.0 = Debug|Any CPU
		{49EF63DE-16C1-4A67-B94F-DF0982ABB74E}.Debug|iPhoneSimulator.ActiveCfg = Debug|Any CPU
		{49EF63DE-16C1-4A67-B94F-DF0982ABB74E}.Debug|iPhoneSimulator.Build.0 = Debug|Any CPU
		{49EF63DE-16C1-4A67-B94F-DF0982ABB74E}.Debug|x64.ActiveCfg = Debug|Any CPU
		{49EF63DE-16C1-4A67-B94F-DF0982ABB74E}.Debug|x64.Build.0 = Debug|Any CPU
		{49EF63DE-16C1-4A67-B94F-DF0982ABB74E}.Release|Any CPU.ActiveCfg = Release|Any CPU
		{49EF63DE-16C1-4A67-B94F-DF0982ABB74E}.Release|Any CPU.Build.0 = Release|Any CPU
		{49EF63DE-16C1-4A67-B94F-DF0982ABB74E}.Release|iPhone.ActiveCfg = Release|Any CPU
		{49EF63DE-16C1-4A67-B94F-DF0982ABB74E}.Release|iPhone.Build.0 = Release|Any CPU
		{49EF63DE-16C1-4A67-B94F-DF0982ABB74E}.Release|iPhoneSimulator.ActiveCfg = Release|Any CPU
		{49EF63DE-16C1-4A67-B94F-DF0982ABB74E}.Release|iPhoneSimulator.Build.0 = Release|Any CPU
		{49EF63DE-16C1-4A67-B94F-DF0982ABB74E}.Release|x64.ActiveCfg = Release|Any CPU
		{49EF63DE-16C1-4A67-B94F-DF0982ABB74E}.Release|x64.Build.0 = Release|Any CPU
	EndGlobalSection
	GlobalSection(SolutionProperties) = preSolution
		HideSolutionNode = FALSE
	EndGlobalSection
	GlobalSection(NestedProjects) = preSolution
		{8A6682D6-A9BC-4B2F-B4A2-37254C0E9FCC} = {BDF9B797-444C-4817-9B54-901E04A1CE9E}
		{A56EE6F0-8840-419C-8190-0FEE322CB9E2} = {BDF9B797-444C-4817-9B54-901E04A1CE9E}
		{ADCE51A2-331F-4E5F-94D2-BA92CD3BABFF} = {BDF9B797-444C-4817-9B54-901E04A1CE9E}
		{18CCC635-737F-4238-8A68-E8BBDE29D837} = {F9AF2377-8AE4-415B-8934-A1FE1F5ADD74}
		{97383D52-B45A-41C9-BCF6-95F11ED88F38} = {18CCC635-737F-4238-8A68-E8BBDE29D837}
		{38ED7AA0-F00A-41B8-9E72-8A45E72BBCCC} = {18CCC635-737F-4238-8A68-E8BBDE29D837}
		{0658AE17-C9B5-4B24-88CC-ABE3C4FECAA5} = {BDF9B797-444C-4817-9B54-901E04A1CE9E}
		{976D7191-EE8D-43CC-BB0E-A7E51EC3D4E3} = {F9AF2377-8AE4-415B-8934-A1FE1F5ADD74}
		{F0EA54AB-C750-4C7E-926F-388DF128337B} = {18CCC635-737F-4238-8A68-E8BBDE29D837}
		{B6F1D2EE-33C2-48E2-AAEE-CB108E12C992} = {F9AF2377-8AE4-415B-8934-A1FE1F5ADD74}
		{81AD3F51-0FAF-4FEF-BE81-987544BF826F} = {F9AF2377-8AE4-415B-8934-A1FE1F5ADD74}
		{D76C6619-AA3B-4A5D-A4EC-158D47A4470A} = {1CB6BC6B-C70E-4A5F-B26D-E5ACF1FCC9CF}
		{E3F89901-0EE4-4F58-BDF7-B7F8D1E31AEB} = {1CB6BC6B-C70E-4A5F-B26D-E5ACF1FCC9CF}
		{E527AEF7-2CA8-4A9A-94CF-FC20D80C9D2A} = {1CB6BC6B-C70E-4A5F-B26D-E5ACF1FCC9CF}
		{49EF63DE-16C1-4A67-B94F-DF0982ABB74E} = {1CB6BC6B-C70E-4A5F-B26D-E5ACF1FCC9CF}
	EndGlobalSection
	GlobalSection(ExtensibilityGlobals) = postSolution
		SolutionGuid = {3E2BE868-126E-4D6B-8857-AA4CB96F3647}
	EndGlobalSection
EndGlobal
